
Microsoft Visual Studio Solution File, Format Version 12.00
# Visual Studio Version 17
VisualStudioVersion = 17.8.34525.116
MinimumVisualStudioVersion = 10.0.40219.1
Project("{FAE04EC0-301F-11D3-BF4B-00C04F79EFBC}") = "VegetablesAndFruits", "VegetablesAndFruits\VegetablesAndFruits.csproj", "{108F2710-9692-42A5-8494-37E6399BA95C}"
EndProject
Global
	GlobalSection(SolutionConfigurationPlatforms) = preSolution
		Debug|Any CPU = Debug|Any CPU
		Release|Any CPU = Release|Any CPU
	EndGlobalSection
	GlobalSection(ProjectConfigurationPlatforms) = postSolution
		{108F2710-9692-42A5-8494-37E6399BA95C}.Debug|Any CPU.ActiveCfg = Debug|Any CPU
		{108F2710-9692-42A5-8494-37E6399BA95C}.Debug|Any CPU.Build.0 = Debug|Any CPU
		{108F2710-9692-42A5-8494-37E6399BA95C}.Release|Any CPU.ActiveCfg = Release|Any CPU
		{108F2710-9692-42A5-8494-37E6399BA95C}.Release|Any CPU.Build.0 = Release|Any CPU
	EndGlobalSection
	GlobalSection(SolutionProperties) = preSolution
		HideSolutionNode = FALSE
	EndGlobalSection
	GlobalSection(ExtensibilityGlobals) = postSolution
		SolutionGuid = {C89F6328-E611-4D65-ADBB-3E18D96E7FB5}
	EndGlobalSection
EndGlobal
